
Microsoft Visual Studio Solution File, Format Version 12.00
# Visual Studio Version 17
VisualStudioVersion = 17.7.34221.43
MinimumVisualStudioVersion = 10.0.40219.1
Project("{9A19103F-16F7-4668-BE54-9A1E7A4F7556}") = "CurrencyReading", "CurrencyReading\CurrencyReading.csproj", "{85A8EED7-0E84-4047-A3A7-67F9E76BFC91}"
EndProject
Project("{9A19103F-16F7-4668-BE54-9A1E7A4F7556}") = "CurrencyRate.API", "CurrencyRate.API\CurrencyRate.API.csproj", "{4B705544-F0D5-4544-BE58-AEE3BFD0C915}"
EndProject
Project("{2150E333-8FDC-42A3-9474-1A3956D46DE8}") = "BusinessLogic", "BusinessLogic", "{DC8103BE-2EF0-4944-9A60-74B6FE8A36FE}"
EndProject
Project("{2150E333-8FDC-42A3-9474-1A3956D46DE8}") = "DataAccess", "DataAccess", "{7B1FE63A-C910-479A-9CF9-69E860E37CFB}"
EndProject
Project("{9A19103F-16F7-4668-BE54-9A1E7A4F7556}") = "GameteqTestApp.DA.Model", "DataAccess\GameteqTestApp.DA.Model\GameteqTestApp.DA.Model.csproj", "{A0E51BDC-165C-4A43-9C24-45C26F5AC48F}"
EndProject
Project("{9A19103F-16F7-4668-BE54-9A1E7A4F7556}") = "GameteqTestApp.DA.EFCore", "DataAccess\GameteqTestApp.DA.EFCore\GameteqTestApp.DA.EFCore.csproj", "{E6E12120-7C0B-4332-BE08-E366D6A187F4}"
EndProject
Project("{9A19103F-16F7-4668-BE54-9A1E7A4F7556}") = "GameteqTestApp.BL.AppServices", "BusinessLogic\GameteqTestApp.BL.AppServices\GameteqTestApp.BL.AppServices.csproj", "{BCA8EC5F-7DEA-4E84-A2A3-F499216F3064}"
EndProject
Project("{9A19103F-16F7-4668-BE54-9A1E7A4F7556}") = "GameteqTestApp.BL.AppServices.Interfaces", "BusinessLogic\GameteqTestApp.BL.AppServices.Interfaces\GameteqTestApp.BL.AppServices.Interfaces.csproj", "{07AFB6CF-9935-4B8C-B24C-D2D303832DAD}"
EndProject
Project("{9A19103F-16F7-4668-BE54-9A1E7A4F7556}") = "GameteqTestApp.DA.EFCore.Interfaces", "DataAccess\GameteqTestApp.DA.EFCore.Interfaces\GameteqTestApp.DA.EFCore.Interfaces.csproj", "{8B38AB34-49C7-489B-A78D-D700481589F6}"
EndProject
Project("{9A19103F-16F7-4668-BE54-9A1E7A4F7556}") = "GameteqTestApp.DA.Services", "DataAccess\GameteqTestApp.DA.Services\GameteqTestApp.DA.Services.csproj", "{5F3B08CC-7478-4A5F-83AC-384A320802AF}"
EndProject
Project("{9A19103F-16F7-4668-BE54-9A1E7A4F7556}") = "GameteqTestApp.DA.Services.Interfaces", "DataAccess\GameteqTestApp.DA.Services.Interfaces\GameteqTestApp.DA.Services.Interfaces.csproj", "{14CB1EA2-5DB3-41B7-877A-ACF3C93E957E}"
EndProject
Project("{54A90642-561A-4BB1-A94E-469ADEE60C69}") = "CurrencyRate", "CurrencyRate\CurrencyRate.esproj", "{851C6D69-78C6-4074-AF4E-E4832D39E3B8}"
EndProject
Project("{FAE04EC0-301F-11D3-BF4B-00C04F79EFBC}") = "GameteqTestApp.BL.ViewModels", "BusinessLogic\GameteqTestApp.BL.ViewModels\GameteqTestApp.BL.ViewModels.csproj", "{D92C167E-F07F-4D3F-B784-DC461F73EDDF}"
EndProject
Global
	GlobalSection(SolutionConfigurationPlatforms) = preSolution
		Debug|Any CPU = Debug|Any CPU
		Release|Any CPU = Release|Any CPU
	EndGlobalSection
	GlobalSection(ProjectConfigurationPlatforms) = postSolution
		{85A8EED7-0E84-4047-A3A7-67F9E76BFC91}.Debug|Any CPU.ActiveCfg = Debug|Any CPU
		{85A8EED7-0E84-4047-A3A7-67F9E76BFC91}.Debug|Any CPU.Build.0 = Debug|Any CPU
		{85A8EED7-0E84-4047-A3A7-67F9E76BFC91}.Release|Any CPU.ActiveCfg = Release|Any CPU
		{85A8EED7-0E84-4047-A3A7-67F9E76BFC91}.Release|Any CPU.Build.0 = Release|Any CPU
		{4B705544-F0D5-4544-BE58-AEE3BFD0C915}.Debug|Any CPU.ActiveCfg = Debug|Any CPU
		{4B705544-F0D5-4544-BE58-AEE3BFD0C915}.Debug|Any CPU.Build.0 = Debug|Any CPU
		{4B705544-F0D5-4544-BE58-AEE3BFD0C915}.Release|Any CPU.ActiveCfg = Release|Any CPU
		{4B705544-F0D5-4544-BE58-AEE3BFD0C915}.Release|Any CPU.Build.0 = Release|Any CPU
		{A0E51BDC-165C-4A43-9C24-45C26F5AC48F}.Debug|Any CPU.ActiveCfg = Debug|Any CPU
		{A0E51BDC-165C-4A43-9C24-45C26F5AC48F}.Debug|Any CPU.Build.0 = Debug|Any CPU
		{A0E51BDC-165C-4A43-9C24-45C26F5AC48F}.Release|Any CPU.ActiveCfg = Release|Any CPU
		{A0E51BDC-165C-4A43-9C24-45C26F5AC48F}.Release|Any CPU.Build.0 = Release|Any CPU
		{E6E12120-7C0B-4332-BE08-E366D6A187F4}.Debug|Any CPU.ActiveCfg = Debug|Any CPU
		{E6E12120-7C0B-4332-BE08-E366D6A187F4}.Debug|Any CPU.Build.0 = Debug|Any CPU
		{E6E12120-7C0B-4332-BE08-E366D6A187F4}.Release|Any CPU.ActiveCfg = Release|Any CPU
		{E6E12120-7C0B-4332-BE08-E366D6A187F4}.Release|Any CPU.Build.0 = Release|Any CPU
		{BCA8EC5F-7DEA-4E84-A2A3-F499216F3064}.Debug|Any CPU.ActiveCfg = Debug|Any CPU
		{BCA8EC5F-7DEA-4E84-A2A3-F499216F3064}.Debug|Any CPU.Build.0 = Debug|Any CPU
		{BCA8EC5F-7DEA-4E84-A2A3-F499216F3064}.Release|Any CPU.ActiveCfg = Release|Any CPU
		{BCA8EC5F-7DEA-4E84-A2A3-F499216F3064}.Release|Any CPU.Build.0 = Release|Any CPU
		{07AFB6CF-9935-4B8C-B24C-D2D303832DAD}.Debug|Any CPU.ActiveCfg = Debug|Any CPU
		{07AFB6CF-9935-4B8C-B24C-D2D303832DAD}.Debug|Any CPU.Build.0 = Debug|Any CPU
		{07AFB6CF-9935-4B8C-B24C-D2D303832DAD}.Release|Any CPU.ActiveCfg = Release|Any CPU
		{07AFB6CF-9935-4B8C-B24C-D2D303832DAD}.Release|Any CPU.Build.0 = Release|Any CPU
		{8B38AB34-49C7-489B-A78D-D700481589F6}.Debug|Any CPU.ActiveCfg = Debug|Any CPU
		{8B38AB34-49C7-489B-A78D-D700481589F6}.Debug|Any CPU.Build.0 = Debug|Any CPU
		{8B38AB34-49C7-489B-A78D-D700481589F6}.Release|Any CPU.ActiveCfg = Release|Any CPU
		{8B38AB34-49C7-489B-A78D-D700481589F6}.Release|Any CPU.Build.0 = Release|Any CPU
		{5F3B08CC-7478-4A5F-83AC-384A320802AF}.Debug|Any CPU.ActiveCfg = Debug|Any CPU
		{5F3B08CC-7478-4A5F-83AC-384A320802AF}.Debug|Any CPU.Build.0 = Debug|Any CPU
		{5F3B08CC-7478-4A5F-83AC-384A320802AF}.Release|Any CPU.ActiveCfg = Release|Any CPU
		{5F3B08CC-7478-4A5F-83AC-384A320802AF}.Release|Any CPU.Build.0 = Release|Any CPU
		{14CB1EA2-5DB3-41B7-877A-ACF3C93E957E}.Debug|Any CPU.ActiveCfg = Debug|Any CPU
		{14CB1EA2-5DB3-41B7-877A-ACF3C93E957E}.Debug|Any CPU.Build.0 = Debug|Any CPU
		{14CB1EA2-5DB3-41B7-877A-ACF3C93E957E}.Release|Any CPU.ActiveCfg = Release|Any CPU
		{14CB1EA2-5DB3-41B7-877A-ACF3C93E957E}.Release|Any CPU.Build.0 = Release|Any CPU
		{851C6D69-78C6-4074-AF4E-E4832D39E3B8}.Debug|Any CPU.ActiveCfg = Debug|Any CPU
		{851C6D69-78C6-4074-AF4E-E4832D39E3B8}.Debug|Any CPU.Build.0 = Debug|Any CPU
		{851C6D69-78C6-4074-AF4E-E4832D39E3B8}.Debug|Any CPU.Deploy.0 = Debug|Any CPU
		{851C6D69-78C6-4074-AF4E-E4832D39E3B8}.Release|Any CPU.ActiveCfg = Release|Any CPU
		{851C6D69-78C6-4074-AF4E-E4832D39E3B8}.Release|Any CPU.Build.0 = Release|Any CPU
		{851C6D69-78C6-4074-AF4E-E4832D39E3B8}.Release|Any CPU.Deploy.0 = Release|Any CPU
		{D92C167E-F07F-4D3F-B784-DC461F73EDDF}.Debug|Any CPU.ActiveCfg = Debug|Any CPU
		{D92C167E-F07F-4D3F-B784-DC461F73EDDF}.Debug|Any CPU.Build.0 = Debug|Any CPU
		{D92C167E-F07F-4D3F-B784-DC461F73EDDF}.Release|Any CPU.ActiveCfg = Release|Any CPU
		{D92C167E-F07F-4D3F-B784-DC461F73EDDF}.Release|Any CPU.Build.0 = Release|Any CPU
	EndGlobalSection
	GlobalSection(SolutionProperties) = preSolution
		HideSolutionNode = FALSE
	EndGlobalSection
	GlobalSection(NestedProjects) = preSolution
		{A0E51BDC-165C-4A43-9C24-45C26F5AC48F} = {7B1FE63A-C910-479A-9CF9-69E860E37CFB}
		{E6E12120-7C0B-4332-BE08-E366D6A187F4} = {7B1FE63A-C910-479A-9CF9-69E860E37CFB}
		{BCA8EC5F-7DEA-4E84-A2A3-F499216F3064} = {DC8103BE-2EF0-4944-9A60-74B6FE8A36FE}
		{07AFB6CF-9935-4B8C-B24C-D2D303832DAD} = {DC8103BE-2EF0-4944-9A60-74B6FE8A36FE}
		{8B38AB34-49C7-489B-A78D-D700481589F6} = {7B1FE63A-C910-479A-9CF9-69E860E37CFB}
		{5F3B08CC-7478-4A5F-83AC-384A320802AF} = {7B1FE63A-C910-479A-9CF9-69E860E37CFB}
		{14CB1EA2-5DB3-41B7-877A-ACF3C93E957E} = {7B1FE63A-C910-479A-9CF9-69E860E37CFB}
		{D92C167E-F07F-4D3F-B784-DC461F73EDDF} = {DC8103BE-2EF0-4944-9A60-74B6FE8A36FE}
	EndGlobalSection
	GlobalSection(ExtensibilityGlobals) = postSolution
		SolutionGuid = {EE4D2A6B-D640-4489-B7F1-F1C2FAC07B2D}
	EndGlobalSection
EndGlobal
